{
  "name": "client",
  "version": "1.0.0",
  "lockfileVersion": 1,
  "requires": true,
  "dependencies": {
    "ansi-html": {
      "version": "0.0.7",
      "resolved": "https://registry.npmjs.org/ansi-html/-/ansi-html-0.0.7.tgz",
      "integrity": "sha1-gTWEAhliqenm/QOflA0S9WynhZ4=",
      "dev": true
    },
    "ansi-regex": {
      "version": "2.1.1",
      "resolved": "https://registry.npmjs.org/ansi-regex/-/ansi-regex-2.1.1.tgz",
      "integrity": "sha1-w7M6te42DYbg5ijwRorn7yfWVN8=",
      "dev": true
    },
    "ansi-styles": {
      "version": "2.2.1",
      "resolved": "https://registry.npmjs.org/ansi-styles/-/ansi-styles-2.2.1.tgz",
      "integrity": "sha1-tDLdM1i2NM914eRmQ2gkBTPB3b4=",
      "dev": true
    },
    "coalescy": {
      "version": "1.0.0",
      "resolved": "https://registry.npmjs.org/coalescy/-/coalescy-1.0.0.tgz",
      "integrity": "sha1-SwZYRrg2NhrabEtKSr9LwcrDG/E=",
      "dev": true
    },
    "error-stack-parser": {
      "version": "2.0.2",
      "resolved": "https://registry.npmjs.org/error-stack-parser/-/error-stack-parser-2.0.2.tgz",
      "integrity": "sha512-E1fPutRDdIj/hohG0UpT5mayXNCxXP9d+snxFsPU9X0XgccOumKraa3juDMwTUyi7+Bu5+mCGagjg4IYeNbOdw==",
      "dev": true,
      "requires": {
        "stackframe": "^1.0.4"
      }
    },
    "escape-string-regexp": {
      "version": "1.0.5",
      "resolved": "https://registry.npmjs.org/escape-string-regexp/-/escape-string-regexp-1.0.5.tgz",
      "integrity": "sha1-G2HAViGQqN/2rjuyzwIAyhMLhtQ=",
      "dev": true
    },
    "eslint-friendly-formatter": {
      "version": "3.0.0",
      "resolved": "https://registry.npmjs.org/eslint-friendly-formatter/-/eslint-friendly-formatter-3.0.0.tgz",
      "integrity": "sha1-J4h0Q1psRuwdlPoLH/SU4w7wQpA=",
      "dev": true,
      "requires": {
        "chalk": "^1.0.0",
        "coalescy": "1.0.0",
        "extend": "^3.0.0",
        "minimist": "^1.2.0",
        "text-table": "^0.2.0"
      },
      "dependencies": {
        "chalk": {
          "version": "1.1.3",
          "resolved": "https://registry.npmjs.org/chalk/-/chalk-1.1.3.tgz",
          "integrity": "sha1-qBFcVeSnAv5NFQq9OHKCKn4J/Jg=",
          "dev": true,
          "requires": {
            "ansi-styles": "^2.2.1",
            "escape-string-regexp": "^1.0.2",
            "has-ansi": "^2.0.0",
            "strip-ansi": "^3.0.0",
            "supports-color": "^2.0.0"
          }
        }
      }
    },
    "eventsource-polyfill": {
      "version": "0.9.6",
      "resolved": "https://registry.npmjs.org/eventsource-polyfill/-/eventsource-polyfill-0.9.6.tgz",
      "integrity": "sha1-EODRh/ERsWfyj9q5GIQ859gY8Tw=",
      "dev": true
    },
    "extend": {
      "version": "3.0.2",
      "resolved": "https://registry.npmjs.org/extend/-/extend-3.0.2.tgz",
      "integrity": "sha512-fjquC59cD7CyW6urNXK0FBufkZcoiGG80wTuPujX590cB5Ttln20E2UB4S/WARVqhXffZl2LNgS+gQdPIIim/g==",
      "dev": true
    },
    "friendly-errors-webpack-plugin": {
      "version": "1.7.0",
      "resolved": "https://registry.npmjs.org/friendly-errors-webpack-plugin/-/friendly-errors-webpack-plugin-1.7.0.tgz",
      "integrity": "sha512-K27M3VK30wVoOarP651zDmb93R9zF28usW4ocaK3mfQeIEI5BPht/EzZs5E8QLLwbLRJQMwscAjDxYPb1FuNiw==",
      "dev": true,
      "requires": {
        "chalk": "^1.1.3",
        "error-stack-parser": "^2.0.0",
        "string-width": "^2.0.0"
      },
      "dependencies": {
        "chalk": {
          "version": "1.1.3",
          "resolved": "https://registry.npmjs.org/chalk/-/chalk-1.1.3.tgz",
          "integrity": "sha1-qBFcVeSnAv5NFQq9OHKCKn4J/Jg=",
          "dev": true,
          "requires": {
            "ansi-styles": "^2.2.1",
            "escape-string-regexp": "^1.0.2",
            "has-ansi": "^2.0.0",
            "strip-ansi": "^3.0.0",
            "supports-color": "^2.0.0"
          }
        }
      }
    },
    "has-ansi": {
      "version": "2.0.0",
      "resolved": "https://registry.npmjs.org/has-ansi/-/has-ansi-2.0.0.tgz",
      "integrity": "sha1-NPUEnOHs3ysGSa8+8k5F7TVBbZE=",
      "dev": true,
      "requires": {
        "ansi-regex": "^2.0.0"
      }
    },
    "html-entities": {
      "version": "1.2.1",
      "resolved": "https://registry.npmjs.org/html-entities/-/html-entities-1.2.1.tgz",
      "integrity": "sha1-DfKTUfByEWNRXfueVUPl9u7VFi8=",
      "dev": true
    },
    "is-fullwidth-code-point": {
      "version": "2.0.0",
      "resolved": "https://registry.npmjs.org/is-fullwidth-code-point/-/is-fullwidth-code-point-2.0.0.tgz",
      "integrity": "sha1-o7MKXE8ZkYMWeqq5O+764937ZU8=",
      "dev": true
    },
    "minimist": {
      "version": "1.2.0",
      "resolved": "https://registry.npmjs.org/minimist/-/minimist-1.2.0.tgz",
      "integrity": "sha1-o1AIsg9BOD7sH7kU9M1d95omQoQ=",
      "dev": true
    },
    "querystring": {
      "version": "0.2.0",
      "resolved": "https://registry.npmjs.org/querystring/-/querystring-0.2.0.tgz",
      "integrity": "sha1-sgmEkgO7Jd+CDadW50cAWHhSFiA=",
      "dev": true
    },
    "stackframe": {
      "version": "1.0.4",
      "resolved": "https://registry.npmjs.org/stackframe/-/stackframe-1.0.4.tgz",
      "integrity": "sha512-to7oADIniaYwS3MhtCa/sQhrxidCCQiF/qp4/m5iN3ipf0Y7Xlri0f6eG29r08aL7JYl8n32AF3Q5GYBZ7K8vw==",
      "dev": true
    },
    "string-width": {
      "version": "2.1.1",
      "resolved": "https://registry.npmjs.org/string-width/-/string-width-2.1.1.tgz",
      "integrity": "sha512-nOqH59deCq9SRHlxq1Aw85Jnt4w6KvLKqWVik6oA9ZklXLNIOlqg4F2yrT1MVaTjAqvVwdfeZ7w7aCvJD7ugkw==",
      "dev": true,
      "requires": {
        "is-fullwidth-code-point": "^2.0.0",
        "strip-ansi": "^4.0.0"
      },
      "dependencies": {
        "ansi-regex": {
          "version": "3.0.0",
          "resolved": "https://registry.npmjs.org/ansi-regex/-/ansi-regex-3.0.0.tgz",
          "integrity": "sha1-7QMXwyIGT3lGbAKWa922Bas32Zg=",
          "dev": true
        },
        "strip-ansi": {
          "version": "4.0.0",
          "resolved": "https://registry.npmjs.org/strip-ansi/-/strip-ansi-4.0.0.tgz",
          "integrity": "sha1-qEeQIusaw2iocTibY1JixQXuNo8=",
          "dev": true,
          "requires": {
            "ansi-regex": "^3.0.0"
          }
        }
      }
    },
    "strip-ansi": {
      "version": "3.0.1",
      "resolved": "https://registry.npmjs.org/strip-ansi/-/strip-ansi-3.0.1.tgz",
      "integrity": "sha1-ajhfuIU9lS1f8F0Oiq+UJ43GPc8=",
      "dev": true,
      "requires": {
        "ansi-regex": "^2.0.0"
      }
    },
    "supports-color": {
      "version": "2.0.0",
      "resolved": "https://registry.npmjs.org/supports-color/-/supports-color-2.0.0.tgz",
      "integrity": "sha1-U10EXOa2Nj+kARcIRimZXp3zJMc=",
      "dev": true
    },
    "text-table": {
      "version": "0.2.0",
      "resolved": "https://registry.npmjs.org/text-table/-/text-table-0.2.0.tgz",
      "integrity": "sha1-f17oI66AUgfACvLfSoTsP8+lcLQ=",
      "dev": true
    },
    "webpack-hot-middleware": {
      "version": "2.24.3",
      "resolved": "https://registry.npmjs.org/webpack-hot-middleware/-/webpack-hot-middleware-2.24.3.tgz",
      "integrity": "sha512-pPlmcdoR2Fn6UhYjAhp1g/IJy1Yc9hD+T6O9mjRcWV2pFbBjIFoJXhP0CoD0xPOhWJuWXuZXGBga9ybbOdzXpg==",
      "dev": true,
      "requires": {
        "ansi-html": "0.0.7",
        "html-entities": "^1.2.0",
        "querystring": "^0.2.0",
        "strip-ansi": "^3.0.0"
      }
    },
    "webpack-merge": {
      "version": "4.2.1",
      "resolved": "https://registry.npmjs.org/webpack-merge/-/webpack-merge-4.2.1.tgz",
      "integrity": "sha512-4p8WQyS98bUJcCvFMbdGZyZmsKuWjWVnVHnAS3FFg0HDaRVrPbkivx2RYCre8UiemD67RsiFFLfn4JhLAin8Vw==",
      "dev": true,
      "requires": {
        "lodash": "^4.17.5"
      },
      "dependencies": {
        "lodash": {
          "version": "4.17.11",
          "resolved": "https://registry.npmjs.org/lodash/-/lodash-4.17.11.tgz",
          "integrity": "sha512-cQKh8igo5QUhZ7lg38DYWAxMvjSAKG0A8wGSVimP07SIUEK2UO+arSRKbRZWtelMtN5V0Hkwh5ryOto/SshYIg==",
          "dev": true
        }
      }
    }
  }
}
